
Microsoft Visual Studio Solution File, Format Version 12.00
# Visual Studio Version 17
VisualStudioVersion = 17.9.34701.34
MinimumVisualStudioVersion = 10.0.40219.1
Project("{9A19103F-16F7-4668-BE54-9A1E7A4F7556}") = "NaviGoApi.API", "NaviGoApi.API\NaviGoApi.API.csproj", "{39C484BE-7381-44AD-BA57-C69C753A8E8A}"
EndProject
Project("{9A19103F-16F7-4668-BE54-9A1E7A4F7556}") = "NaviGoApi.Domain", "NaviGoApi.Domain\NaviGoApi.Domain.csproj", "{530F0B23-515D-4E28-80D0-93E1F8296182}"
EndProject
Project("{9A19103F-16F7-4668-BE54-9A1E7A4F7556}") = "NaviGoApi.Application", "NaviGoApi.Application\NaviGoApi.Application.csproj", "{46947BF0-0573-43E9-BA06-B9348AB16475}"
EndProject
Project("{9A19103F-16F7-4668-BE54-9A1E7A4F7556}") = "NaviGoApi.Infrastructure", "NaviGoApi.Infrastructure\NaviGoApi.Infrastructure.csproj", "{DE361E8F-23FD-4DB3-A8C6-3D28EEA7C451}"
EndProject
Project("{FAE04EC0-301F-11D3-BF4B-00C04F79EFBC}") = "NaviGoApi.Common", "NaviGoApi.Common\NaviGoApi.Common.csproj", "{012EFF74-57D2-447C-BFBE-26EC61DA5C50}"
EndProject
Global
	GlobalSection(SolutionConfigurationPlatforms) = preSolution
		Debug|Any CPU = Debug|Any CPU
		Release|Any CPU = Release|Any CPU
	EndGlobalSection
	GlobalSection(ProjectConfigurationPlatforms) = postSolution
		{39C484BE-7381-44AD-BA57-C69C753A8E8A}.Debug|Any CPU.ActiveCfg = Debug|Any CPU
		{39C484BE-7381-44AD-BA57-C69C753A8E8A}.Debug|Any CPU.Build.0 = Debug|Any CPU
		{39C484BE-7381-44AD-BA57-C69C753A8E8A}.Release|Any CPU.ActiveCfg = Release|Any CPU
		{39C484BE-7381-44AD-BA57-C69C753A8E8A}.Release|Any CPU.Build.0 = Release|Any CPU
		{530F0B23-515D-4E28-80D0-93E1F8296182}.Debug|Any CPU.ActiveCfg = Debug|Any CPU
		{530F0B23-515D-4E28-80D0-93E1F8296182}.Debug|Any CPU.Build.0 = Debug|Any CPU
		{530F0B23-515D-4E28-80D0-93E1F8296182}.Release|Any CPU.ActiveCfg = Release|Any CPU
		{530F0B23-515D-4E28-80D0-93E1F8296182}.Release|Any CPU.Build.0 = Release|Any CPU
		{46947BF0-0573-43E9-BA06-B9348AB16475}.Debug|Any CPU.ActiveCfg = Debug|Any CPU
		{46947BF0-0573-43E9-BA06-B9348AB16475}.Debug|Any CPU.Build.0 = Debug|Any CPU
		{46947BF0-0573-43E9-BA06-B9348AB16475}.Release|Any CPU.ActiveCfg = Release|Any CPU
		{46947BF0-0573-43E9-BA06-B9348AB16475}.Release|Any CPU.Build.0 = Release|Any CPU
		{DE361E8F-23FD-4DB3-A8C6-3D28EEA7C451}.Debug|Any CPU.ActiveCfg = Debug|Any CPU
		{DE361E8F-23FD-4DB3-A8C6-3D28EEA7C451}.Debug|Any CPU.Build.0 = Debug|Any CPU
		{DE361E8F-23FD-4DB3-A8C6-3D28EEA7C451}.Release|Any CPU.ActiveCfg = Release|Any CPU
		{DE361E8F-23FD-4DB3-A8C6-3D28EEA7C451}.Release|Any CPU.Build.0 = Release|Any CPU
		{012EFF74-57D2-447C-BFBE-26EC61DA5C50}.Debug|Any CPU.ActiveCfg = Debug|Any CPU
		{012EFF74-57D2-447C-BFBE-26EC61DA5C50}.Debug|Any CPU.Build.0 = Debug|Any CPU
		{012EFF74-57D2-447C-BFBE-26EC61DA5C50}.Release|Any CPU.ActiveCfg = Release|Any CPU
		{012EFF74-57D2-447C-BFBE-26EC61DA5C50}.Release|Any CPU.Build.0 = Release|Any CPU
	EndGlobalSection
	GlobalSection(SolutionProperties) = preSolution
		HideSolutionNode = FALSE
	EndGlobalSection
	GlobalSection(ExtensibilityGlobals) = postSolution
		SolutionGuid = {DA08CB0B-F216-4737-83EC-AEB76E660A65}
	EndGlobalSection
EndGlobal
